// !$*UTF8*$!
{
	archiveVersion = 1;
	classes = {
	};
	objectVersion = 46;
	objects = {

/* Begin PBXBuildFile section */
		1A223129141CBC39009F9578 /* ChannelUserList.m in Sources */ = {isa = PBXBuildFile; fileRef = 1A223128141CBC39009F9578 /* ChannelUserList.m */; };
		1AABE8FD1417FFEC00F9532E /* ChannelsTVController.m in Sources */ = {isa = PBXBuildFile; fileRef = 1AABE8FC1417FFEC00F9532E /* ChannelsTVController.m */; };
		1AD9BF96141683EB002E1C6A /* SHConnectionController.m in Sources */ = {isa = PBXBuildFile; fileRef = 1AD9BF95141683EA002E1C6A /* SHConnectionController.m */; };
		1AD9BF9A141684D2002E1C6A /* SHAddCTController.m in Sources */ = {isa = PBXBuildFile; fileRef = 1AD9BF99141684D2002E1C6A /* SHAddCTController.m */; };
		5025F8521487094000E39116 /* SHUsersTableView.m in Sources */ = {isa = PBXBuildFile; fileRef = 5025F8511487094000E39116 /* SHUsersTableView.m */; };
		50465FEC1481F73A007F8F56 /* SupportedURLs.plist in Resources */ = {isa = PBXBuildFile; fileRef = 50465FEB1481F73A007F8F56 /* SupportedURLs.plist */; };
		50663881149823E3006D8DA0 /* SHWebBrowser.m in Sources */ = {isa = PBXBuildFile; fileRef = 50663880149823E3006D8DA0 /* SHWebBrowser.m */; };
		507424751416F3FC0080EC23 /* SHRoomsTable.m in Sources */ = {isa = PBXBuildFile; fileRef = 507424741416F3FC0080EC23 /* SHRoomsTable.m */; };
		509346D114748A1B007C57C5 /* SHCellDrawer.m in Sources */ = {isa = PBXBuildFile; fileRef = 509346D014748A1B007C57C5 /* SHCellDrawer.m */; };
		50ACAA3314774BAF00E1756E /* ctbg.png in Resources */ = {isa = PBXBuildFile; fileRef = 50ACAA3114774BAF00E1756E /* ctbg.png */; };
		50ACAA3414774BAF00E1756E /* ctbg@2x.png in Resources */ = {isa = PBXBuildFile; fileRef = 50ACAA3214774BAF00E1756E /* ctbg@2x.png */; };
		50C4CB2E1474A71D00B8EA1C /* SHDrawerButton.m in Sources */ = {isa = PBXBuildFile; fileRef = 50C4CB2D1474A71D00B8EA1C /* SHDrawerButton.m */; };
		EA00819D147058DE00AF13B3 /* MainWindow-iPad.xib in Resources */ = {isa = PBXBuildFile; fileRef = EA00819B147058DE00AF13B3 /* MainWindow-iPad.xib */; };
		EA00940D14143FE90059261C /* UIKit.framework in Frameworks */ = {isa = PBXBuildFile; fileRef = EA00940C14143FE90059261C /* UIKit.framework */; };
		EA00940F14143FE90059261C /* Foundation.framework in Frameworks */ = {isa = PBXBuildFile; fileRef = EA00940E14143FE90059261C /* Foundation.framework */; };
		EA00941114143FE90059261C /* CoreGraphics.framework in Frameworks */ = {isa = PBXBuildFile; fileRef = EA00941014143FE90059261C /* CoreGraphics.framework */; };
		EA00941714143FEA0059261C /* InfoPlist.strings in Resources */ = {isa = PBXBuildFile; fileRef = EA00941514143FEA0059261C /* InfoPlist.strings */; };
		EA00941914143FEA0059261C /* main.m in Sources */ = {isa = PBXBuildFile; fileRef = EA00941814143FEA0059261C /* main.m */; };
		EA00941D14143FEA0059261C /* ShadowChatAppDelegate.m in Sources */ = {isa = PBXBuildFile; fileRef = EA00941C14143FEA0059261C /* ShadowChatAppDelegate.m */; };
		EA00942014143FEA0059261C /* MainWindow.xib in Resources */ = {isa = PBXBuildFile; fileRef = EA00941E14143FEA0059261C /* MainWindow.xib */; };
		EA1D5D4A1415FE2000114BFF /* background.png in Resources */ = {isa = PBXBuildFile; fileRef = EA1D5D441415FE2000114BFF /* background.png */; };
		EA1D5D4B1415FE2000114BFF /* background@2x.png in Resources */ = {isa = PBXBuildFile; fileRef = EA1D5D451415FE2000114BFF /* background@2x.png */; };
		EA1D5D4C1415FE2000114BFF /* minus.png in Resources */ = {isa = PBXBuildFile; fileRef = EA1D5D461415FE2000114BFF /* minus.png */; };
		EA1D5D4D1415FE2000114BFF /* minus@2x.png in Resources */ = {isa = PBXBuildFile; fileRef = EA1D5D471415FE2000114BFF /* minus@2x.png */; };
		EA1D5D4E1415FE2000114BFF /* ppl.png in Resources */ = {isa = PBXBuildFile; fileRef = EA1D5D481415FE2000114BFF /* ppl.png */; };
		EA1D5D4F1415FE2000114BFF /* ppl@2x.png in Resources */ = {isa = PBXBuildFile; fileRef = EA1D5D491415FE2000114BFF /* ppl@2x.png */; };
		EA68CA4F146ABE4D00AC1628 /* SHChanJoin.m in Sources */ = {isa = PBXBuildFile; fileRef = EA68CA4D146ABE4D00AC1628 /* SHChanJoin.m */; };
		EA68CA50146ABE4D00AC1628 /* SHChanJoin.xib in Resources */ = {isa = PBXBuildFile; fileRef = EA68CA4E146ABE4D00AC1628 /* SHChanJoin.xib */; };
		EA68CA53146B5A7100AC1628 /* libTestFlight.a in Frameworks */ = {isa = PBXBuildFile; fileRef = EA68CA52146B5A7100AC1628 /* libTestFlight.a */; };
		EAAD2BA51416C8F700E1D951 /* SHIRCNetwork.m in Sources */ = {isa = PBXBuildFile; fileRef = EAAD2BA41416C8F700E1D951 /* SHIRCNetwork.m */; };
		EAC95DF614183882000256CE /* SHChatPanel.m in Sources */ = {isa = PBXBuildFile; fileRef = EAC95DF414183882000256CE /* SHChatPanel.m */; };
		EAC95DF714183882000256CE /* SHChatPanel.xib in Resources */ = {isa = PBXBuildFile; fileRef = EAC95DF514183882000256CE /* SHChatPanel.xib */; };
		EAE46C1514159CD8008BBA8D /* SHIRCChannel.m in Sources */ = {isa = PBXBuildFile; fileRef = EAE46C1414159CD8008BBA8D /* SHIRCChannel.m */; };
		EAE46C1814159DE4008BBA8D /* SHIRCSocket.m in Sources */ = {isa = PBXBuildFile; fileRef = EAE46C1714159DE4008BBA8D /* SHIRCSocket.m */; };
		EAE46C1C1415A110008BBA8D /* MobileCoreServices.framework in Frameworks */ = {isa = PBXBuildFile; fileRef = EAE46C1B1415A110008BBA8D /* MobileCoreServices.framework */; };
		EAE46C1E1415A146008BBA8D /* CFNetwork.framework in Frameworks */ = {isa = PBXBuildFile; fileRef = EAE46C1D1415A146008BBA8D /* CFNetwork.framework */; };
		EAE46C211415B228008BBA8D /* SHIRCManager.m in Sources */ = {isa = PBXBuildFile; fileRef = EAE46C201415B228008BBA8D /* SHIRCManager.m */; };
		EAE46C281415D10B008BBA8D /* SHIRCPrivateChat.m in Sources */ = {isa = PBXBuildFile; fileRef = EAE46C271415D10B008BBA8D /* SHIRCPrivateChat.m */; };
		EAFA82391469C68000FD1A88 /* SHShadowedTableView.m in Sources */ = {isa = PBXBuildFile; fileRef = EAFA82341469C68000FD1A88 /* SHShadowedTableView.m */; };
		EAFA823A1469C68000FD1A88 /* SHGradientView.m in Sources */ = {isa = PBXBuildFile; fileRef = EAFA82361469C68000FD1A88 /* SHGradientView.m */; };
		EAFA823B1469C68000FD1A88 /* SHClearLabelCellView.m in Sources */ = {isa = PBXBuildFile; fileRef = EAFA82381469C68000FD1A88 /* SHClearLabelCellView.m */; };
		EAFA823D1469C6CB00FD1A88 /* QuartzCore.framework in Frameworks */ = {isa = PBXBuildFile; fileRef = EAFA823C1469C6CB00FD1A88 /* QuartzCore.framework */; };
/* End PBXBuildFile section */

/* Begin PBXFileReference section */
		1A223127141CBC39009F9578 /* ChannelUserList.h */ = {isa = PBXFileReference; fileEncoding = 4; lastKnownFileType = sourcecode.c.h; path = ChannelUserList.h; sourceTree = "<group>"; };
		1A223128141CBC39009F9578 /* ChannelUserList.m */ = {isa = PBXFileReference; fileEncoding = 4; lastKnownFileType = sourcecode.c.objc; path = ChannelUserList.m; sourceTree = "<group>"; };
		1AABE8FB1417FFEC00F9532E /* ChannelsTVController.h */ = {isa = PBXFileReference; fileEncoding = 4; lastKnownFileType = sourcecode.c.h; path = ChannelsTVController.h; sourceTree = "<group>"; };
		1AABE8FC1417FFEC00F9532E /* ChannelsTVController.m */ = {isa = PBXFileReference; fileEncoding = 4; lastKnownFileType = sourcecode.c.objc; path = ChannelsTVController.m; sourceTree = "<group>"; };
		1AD9BF94141683EA002E1C6A /* SHConnectionController.h */ = {isa = PBXFileReference; fileEncoding = 4; lastKnownFileType = sourcecode.c.h; path = SHConnectionController.h; sourceTree = "<group>"; };
		1AD9BF95141683EA002E1C6A /* SHConnectionController.m */ = {isa = PBXFileReference; fileEncoding = 4; lastKnownFileType = sourcecode.c.objc; path = SHConnectionController.m; sourceTree = "<group>"; };
		1AD9BF98141684D1002E1C6A /* SHAddCTController.h */ = {isa = PBXFileReference; fileEncoding = 4; lastKnownFileType = sourcecode.c.h; path = SHAddCTController.h; sourceTree = "<group>"; };
		1AD9BF99141684D2002E1C6A /* SHAddCTController.m */ = {isa = PBXFileReference; fileEncoding = 4; lastKnownFileType = sourcecode.c.objc; path = SHAddCTController.m; sourceTree = "<group>"; xcLanguageSpecificationIdentifier = xcode.lang.objc; };
		5025F8501487094000E39116 /* SHUsersTableView.h */ = {isa = PBXFileReference; fileEncoding = 4; lastKnownFileType = sourcecode.c.h; path = SHUsersTableView.h; sourceTree = "<group>"; };
		5025F8511487094000E39116 /* SHUsersTableView.m */ = {isa = PBXFileReference; fileEncoding = 4; lastKnownFileType = sourcecode.c.objc; path = SHUsersTableView.m; sourceTree = "<group>"; };
		50465FEB1481F73A007F8F56 /* SupportedURLs.plist */ = {isa = PBXFileReference; fileEncoding = 4; lastKnownFileType = text.plist.xml; path = SupportedURLs.plist; sourceTree = "<group>"; };
		5066387F149823E3006D8DA0 /* SHWebBrowser.h */ = {isa = PBXFileReference; fileEncoding = 4; lastKnownFileType = sourcecode.c.h; path = SHWebBrowser.h; sourceTree = "<group>"; };
		50663880149823E3006D8DA0 /* SHWebBrowser.m */ = {isa = PBXFileReference; fileEncoding = 4; lastKnownFileType = sourcecode.c.objc; path = SHWebBrowser.m; sourceTree = "<group>"; };
		507424731416F3FC0080EC23 /* SHRoomsTable.h */ = {isa = PBXFileReference; fileEncoding = 4; lastKnownFileType = sourcecode.c.h; path = SHRoomsTable.h; sourceTree = "<group>"; };
		507424741416F3FC0080EC23 /* SHRoomsTable.m */ = {isa = PBXFileReference; fileEncoding = 4; lastKnownFileType = sourcecode.c.objc; path = SHRoomsTable.m; sourceTree = "<group>"; };
		509346CF14748A1B007C57C5 /* SHCellDrawer.h */ = {isa = PBXFileReference; fileEncoding = 4; lastKnownFileType = sourcecode.c.h; path = SHCellDrawer.h; sourceTree = "<group>"; };
		509346D014748A1B007C57C5 /* SHCellDrawer.m */ = {isa = PBXFileReference; fileEncoding = 4; lastKnownFileType = sourcecode.c.objc; path = SHCellDrawer.m; sourceTree = "<group>"; };
		50ACAA3114774BAF00E1756E /* ctbg.png */ = {isa = PBXFileReference; lastKnownFileType = image.png; path = ctbg.png; sourceTree = "<group>"; };
		50ACAA3214774BAF00E1756E /* ctbg@2x.png */ = {isa = PBXFileReference; lastKnownFileType = image.png; path = "ctbg@2x.png"; sourceTree = "<group>"; };
		50C4CB2C1474A71D00B8EA1C /* SHDrawerButton.h */ = {isa = PBXFileReference; fileEncoding = 4; lastKnownFileType = sourcecode.c.h; path = SHDrawerButton.h; sourceTree = "<group>"; };
		50C4CB2D1474A71D00B8EA1C /* SHDrawerButton.m */ = {isa = PBXFileReference; fileEncoding = 4; lastKnownFileType = sourcecode.c.objc; path = SHDrawerButton.m; sourceTree = "<group>"; };
		EA00819C147058DE00AF13B3 /* en */ = {isa = PBXFileReference; lastKnownFileType = file.xib; name = en; path = "iPad/en.lproj/MainWindow-iPad.xib"; sourceTree = "<group>"; };
		EA00940814143FE90059261C /* ShadowChat.app */ = {isa = PBXFileReference; explicitFileType = wrapper.application; includeInIndex = 0; path = ShadowChat.app; sourceTree = BUILT_PRODUCTS_DIR; };
		EA00940C14143FE90059261C /* UIKit.framework */ = {isa = PBXFileReference; lastKnownFileType = wrapper.framework; name = UIKit.framework; path = System/Library/Frameworks/UIKit.framework; sourceTree = SDKROOT; };
		EA00940E14143FE90059261C /* Foundation.framework */ = {isa = PBXFileReference; lastKnownFileType = wrapper.framework; name = Foundation.framework; path = System/Library/Frameworks/Foundation.framework; sourceTree = SDKROOT; };
		EA00941014143FE90059261C /* CoreGraphics.framework */ = {isa = PBXFileReference; lastKnownFileType = wrapper.framework; name = CoreGraphics.framework; path = System/Library/Frameworks/CoreGraphics.framework; sourceTree = SDKROOT; };
		EA00941414143FEA0059261C /* ShadowChat-Info.plist */ = {isa = PBXFileReference; lastKnownFileType = text.plist.xml; path = "ShadowChat-Info.plist"; sourceTree = "<group>"; };
		EA00941614143FEA0059261C /* en */ = {isa = PBXFileReference; lastKnownFileType = text.plist.strings; name = en; path = en.lproj/InfoPlist.strings; sourceTree = "<group>"; };
		EA00941814143FEA0059261C /* main.m */ = {isa = PBXFileReference; lastKnownFileType = sourcecode.c.objc; path = main.m; sourceTree = "<group>"; };
		EA00941A14143FEA0059261C /* ShadowChat-Prefix.pch */ = {isa = PBXFileReference; lastKnownFileType = sourcecode.c.h; path = "ShadowChat-Prefix.pch"; sourceTree = "<group>"; };
		EA00941B14143FEA0059261C /* ShadowChatAppDelegate.h */ = {isa = PBXFileReference; lastKnownFileType = sourcecode.c.h; path = ShadowChatAppDelegate.h; sourceTree = "<group>"; };
		EA00941C14143FEA0059261C /* ShadowChatAppDelegate.m */ = {isa = PBXFileReference; lastKnownFileType = sourcecode.c.objc; path = ShadowChatAppDelegate.m; sourceTree = "<group>"; };
		EA00941F14143FEA0059261C /* en */ = {isa = PBXFileReference; lastKnownFileType = file.xib; name = en; path = en.lproj/MainWindow.xib; sourceTree = "<group>"; };
		EA1D5D441415FE2000114BFF /* background.png */ = {isa = PBXFileReference; lastKnownFileType = image.png; path = background.png; sourceTree = "<group>"; };
		EA1D5D451415FE2000114BFF /* background@2x.png */ = {isa = PBXFileReference; lastKnownFileType = image.png; path = "background@2x.png"; sourceTree = "<group>"; };
		EA1D5D461415FE2000114BFF /* minus.png */ = {isa = PBXFileReference; lastKnownFileType = image.png; path = minus.png; sourceTree = "<group>"; };
		EA1D5D471415FE2000114BFF /* minus@2x.png */ = {isa = PBXFileReference; lastKnownFileType = image.png; path = "minus@2x.png"; sourceTree = "<group>"; };
		EA1D5D481415FE2000114BFF /* ppl.png */ = {isa = PBXFileReference; lastKnownFileType = image.png; path = ppl.png; sourceTree = "<group>"; };
		EA1D5D491415FE2000114BFF /* ppl@2x.png */ = {isa = PBXFileReference; lastKnownFileType = image.png; path = "ppl@2x.png"; sourceTree = "<group>"; };
		EA68CA4C146ABE4D00AC1628 /* SHChanJoin.h */ = {isa = PBXFileReference; fileEncoding = 4; lastKnownFileType = sourcecode.c.h; path = SHChanJoin.h; sourceTree = "<group>"; };
		EA68CA4D146ABE4D00AC1628 /* SHChanJoin.m */ = {isa = PBXFileReference; fileEncoding = 4; lastKnownFileType = sourcecode.c.objc; path = SHChanJoin.m; sourceTree = "<group>"; };
		EA68CA4E146ABE4D00AC1628 /* SHChanJoin.xib */ = {isa = PBXFileReference; fileEncoding = 4; lastKnownFileType = file.xib; path = SHChanJoin.xib; sourceTree = "<group>"; };
		EA68CA52146B5A7100AC1628 /* libTestFlight.a */ = {isa = PBXFileReference; lastKnownFileType = archive.ar; path = libTestFlight.a; sourceTree = "<group>"; };
		EA68CA54146B5A7600AC1628 /* TestFlight.h */ = {isa = PBXFileReference; fileEncoding = 4; lastKnownFileType = sourcecode.c.h; path = TestFlight.h; sourceTree = "<group>"; };
		EAAD2BA31416C8F700E1D951 /* SHIRCNetwork.h */ = {isa = PBXFileReference; fileEncoding = 4; lastKnownFileType = sourcecode.c.h; name = SHIRCNetwork.h; path = ../SHIRCNetwork.h; sourceTree = "<group>"; };
		EAAD2BA41416C8F700E1D951 /* SHIRCNetwork.m */ = {isa = PBXFileReference; fileEncoding = 4; lastKnownFileType = sourcecode.c.objc; name = SHIRCNetwork.m; path = ../SHIRCNetwork.m; sourceTree = "<group>"; };
		EAC95DF314183882000256CE /* SHChatPanel.h */ = {isa = PBXFileReference; fileEncoding = 4; lastKnownFileType = sourcecode.c.h; name = SHChatPanel.h; path = ../SHChatPanel.h; sourceTree = "<group>"; };
		EAC95DF414183882000256CE /* SHChatPanel.m */ = {isa = PBXFileReference; fileEncoding = 4; lastKnownFileType = sourcecode.c.objc; name = SHChatPanel.m; path = ../SHChatPanel.m; sourceTree = "<group>"; };
		EAC95DF514183882000256CE /* SHChatPanel.xib */ = {isa = PBXFileReference; fileEncoding = 4; lastKnownFileType = file.xib; name = SHChatPanel.xib; path = ../SHChatPanel.xib; sourceTree = "<group>"; };
		EAE46C1314159CD8008BBA8D /* SHIRCChannel.h */ = {isa = PBXFileReference; fileEncoding = 4; lastKnownFileType = sourcecode.c.h; name = SHIRCChannel.h; path = ../SHIRCChannel.h; sourceTree = "<group>"; };
		EAE46C1414159CD8008BBA8D /* SHIRCChannel.m */ = {isa = PBXFileReference; fileEncoding = 4; lastKnownFileType = sourcecode.c.objc; name = SHIRCChannel.m; path = ../SHIRCChannel.m; sourceTree = "<group>"; };
		EAE46C1614159DE4008BBA8D /* SHIRCSocket.h */ = {isa = PBXFileReference; fileEncoding = 4; lastKnownFileType = sourcecode.c.h; name = SHIRCSocket.h; path = ../SHIRCSocket.h; sourceTree = "<group>"; };
		EAE46C1714159DE4008BBA8D /* SHIRCSocket.m */ = {isa = PBXFileReference; fileEncoding = 4; lastKnownFileType = sourcecode.c.objc; name = SHIRCSocket.m; path = ../SHIRCSocket.m; sourceTree = "<group>"; };
		EAE46C191415A0C6008BBA8D /* CoreFoundation.framework */ = {isa = PBXFileReference; lastKnownFileType = wrapper.framework; name = CoreFoundation.framework; path = System/Library/Frameworks/CoreFoundation.framework; sourceTree = SDKROOT; };
		EAE46C1B1415A110008BBA8D /* MobileCoreServices.framework */ = {isa = PBXFileReference; lastKnownFileType = wrapper.framework; name = MobileCoreServices.framework; path = System/Library/Frameworks/MobileCoreServices.framework; sourceTree = SDKROOT; };
		EAE46C1D1415A146008BBA8D /* CFNetwork.framework */ = {isa = PBXFileReference; lastKnownFileType = wrapper.framework; name = CFNetwork.framework; path = System/Library/Frameworks/CFNetwork.framework; sourceTree = SDKROOT; };
		EAE46C1F1415B228008BBA8D /* SHIRCManager.h */ = {isa = PBXFileReference; fileEncoding = 4; lastKnownFileType = sourcecode.c.h; name = SHIRCManager.h; path = ../SHIRCManager.h; sourceTree = "<group>"; };
		EAE46C201415B228008BBA8D /* SHIRCManager.m */ = {isa = PBXFileReference; fileEncoding = 4; lastKnownFileType = sourcecode.c.objc; name = SHIRCManager.m; path = ../SHIRCManager.m; sourceTree = "<group>"; };
		EAE46C261415D10B008BBA8D /* SHIRCPrivateChat.h */ = {isa = PBXFileReference; fileEncoding = 4; lastKnownFileType = sourcecode.c.h; name = SHIRCPrivateChat.h; path = ../SHIRCPrivateChat.h; sourceTree = "<group>"; };
		EAE46C271415D10B008BBA8D /* SHIRCPrivateChat.m */ = {isa = PBXFileReference; fileEncoding = 4; lastKnownFileType = sourcecode.c.objc; name = SHIRCPrivateChat.m; path = ../SHIRCPrivateChat.m; sourceTree = "<group>"; };
		EAFA82331469C68000FD1A88 /* SHShadowedTableView.h */ = {isa = PBXFileReference; fileEncoding = 4; lastKnownFileType = sourcecode.c.h; path = SHShadowedTableView.h; sourceTree = "<group>"; };
		EAFA82341469C68000FD1A88 /* SHShadowedTableView.m */ = {isa = PBXFileReference; fileEncoding = 4; lastKnownFileType = sourcecode.c.objc; path = SHShadowedTableView.m; sourceTree = "<group>"; };
		EAFA82351469C68000FD1A88 /* SHGradientView.h */ = {isa = PBXFileReference; fileEncoding = 4; lastKnownFileType = sourcecode.c.h; path = SHGradientView.h; sourceTree = "<group>"; };
		EAFA82361469C68000FD1A88 /* SHGradientView.m */ = {isa = PBXFileReference; fileEncoding = 4; lastKnownFileType = sourcecode.c.objc; path = SHGradientView.m; sourceTree = "<group>"; };
		EAFA82371469C68000FD1A88 /* SHClearLabelCellView.h */ = {isa = PBXFileReference; fileEncoding = 4; lastKnownFileType = sourcecode.c.h; path = SHClearLabelCellView.h; sourceTree = "<group>"; };
		EAFA82381469C68000FD1A88 /* SHClearLabelCellView.m */ = {isa = PBXFileReference; fileEncoding = 4; lastKnownFileType = sourcecode.c.objc; path = SHClearLabelCellView.m; sourceTree = "<group>"; };
		EAFA823C1469C6CB00FD1A88 /* QuartzCore.framework */ = {isa = PBXFileReference; lastKnownFileType = wrapper.framework; name = QuartzCore.framework; path = System/Library/Frameworks/QuartzCore.framework; sourceTree = SDKROOT; };
/* End PBXFileReference section */

/* Begin PBXFrameworksBuildPhase section */
		EA00940514143FE90059261C /* Frameworks */ = {
			isa = PBXFrameworksBuildPhase;
			buildActionMask = 2147483647;
			files = (
				EAFA823D1469C6CB00FD1A88 /* QuartzCore.framework in Frameworks */,
				EAE46C1E1415A146008BBA8D /* CFNetwork.framework in Frameworks */,
				EAE46C1C1415A110008BBA8D /* MobileCoreServices.framework in Frameworks */,
				EA00940D14143FE90059261C /* UIKit.framework in Frameworks */,
				EA00940F14143FE90059261C /* Foundation.framework in Frameworks */,
				EA00941114143FE90059261C /* CoreGraphics.framework in Frameworks */,
				EA68CA53146B5A7100AC1628 /* libTestFlight.a in Frameworks */,
			);
			runOnlyForDeploymentPostprocessing = 0;
		};
/* End PBXFrameworksBuildPhase section */

/* Begin PBXGroup section */
		EA00819A147058DB00AF13B3 /* iPad */ = {
			isa = PBXGroup;
			children = (
				EA00819B147058DE00AF13B3 /* MainWindow-iPad.xib */,
			);
			name = iPad;
			sourceTree = "<group>";
		};
		EA0093FD14143FE90059261C = {
			isa = PBXGroup;
			children = (
				EA68CA54146B5A7600AC1628 /* TestFlight.h */,
				EA68CA52146B5A7100AC1628 /* libTestFlight.a */,
				EA00941214143FE90059261C /* ShadowChat */,
				EA00940B14143FE90059261C /* Frameworks */,
				EA00940914143FE90059261C /* Products */,
			);
			sourceTree = "<group>";
		};
		EA00940914143FE90059261C /* Products */ = {
			isa = PBXGroup;
			children = (
				EA00940814143FE90059261C /* ShadowChat.app */,
			);
			name = Products;
			sourceTree = "<group>";
		};
		EA00940B14143FE90059261C /* Frameworks */ = {
			isa = PBXGroup;
			children = (
				EAFA823C1469C6CB00FD1A88 /* QuartzCore.framework */,
				EAE46C1D1415A146008BBA8D /* CFNetwork.framework */,
				EAE46C1B1415A110008BBA8D /* MobileCoreServices.framework */,
				EAE46C191415A0C6008BBA8D /* CoreFoundation.framework */,
				EA00940C14143FE90059261C /* UIKit.framework */,
				EA00940E14143FE90059261C /* Foundation.framework */,
				EA00941014143FE90059261C /* CoreGraphics.framework */,
			);
			name = Frameworks;
			sourceTree = "<group>";
		};
		EA00941214143FE90059261C /* ShadowChat */ = {
			isa = PBXGroup;
			children = (
				EA00819A147058DB00AF13B3 /* iPad */,
				EA68CA4C146ABE4D00AC1628 /* SHChanJoin.h */,
				EA68CA4D146ABE4D00AC1628 /* SHChanJoin.m */,
				50C4CB2C1474A71D00B8EA1C /* SHDrawerButton.h */,
				50C4CB2D1474A71D00B8EA1C /* SHDrawerButton.m */,
				EA68CA4E146ABE4D00AC1628 /* SHChanJoin.xib */,
				EAE46C1314159CD8008BBA8D /* SHIRCChannel.h */,
				EAE46C1414159CD8008BBA8D /* SHIRCChannel.m */,
				EAE46C261415D10B008BBA8D /* SHIRCPrivateChat.h */,
				EAE46C271415D10B008BBA8D /* SHIRCPrivateChat.m */,
				EAFA82331469C68000FD1A88 /* SHShadowedTableView.h */,
				EAFA82341469C68000FD1A88 /* SHShadowedTableView.m */,
				EAFA82351469C68000FD1A88 /* SHGradientView.h */,
				EAFA82361469C68000FD1A88 /* SHGradientView.m */,
				EAFA82371469C68000FD1A88 /* SHClearLabelCellView.h */,
				EAFA82381469C68000FD1A88 /* SHClearLabelCellView.m */,
				EAC95DF314183882000256CE /* SHChatPanel.h */,
				EAC95DF414183882000256CE /* SHChatPanel.m */,
				50465FEB1481F73A007F8F56 /* SupportedURLs.plist */,
				EAC95DF514183882000256CE /* SHChatPanel.xib */,
				EAAD2BA31416C8F700E1D951 /* SHIRCNetwork.h */,
				EAAD2BA41416C8F700E1D951 /* SHIRCNetwork.m */,
				EA00941B14143FEA0059261C /* ShadowChatAppDelegate.h */,
				EA00941C14143FEA0059261C /* ShadowChatAppDelegate.m */,
				EA00941E14143FEA0059261C /* MainWindow.xib */,
				EAE46C1614159DE4008BBA8D /* SHIRCSocket.h */,
				EAE46C1714159DE4008BBA8D /* SHIRCSocket.m */,
				EAE46C1F1415B228008BBA8D /* SHIRCManager.h */,
				EAE46C201415B228008BBA8D /* SHIRCManager.m */,
				EA00941314143FEA0059261C /* Supporting Files */,
				1AD9BF94141683EA002E1C6A /* SHConnectionController.h */,
				1AD9BF95141683EA002E1C6A /* SHConnectionController.m */,
				1AD9BF98141684D1002E1C6A /* SHAddCTController.h */,
				1AD9BF99141684D2002E1C6A /* SHAddCTController.m */,
				507424731416F3FC0080EC23 /* SHRoomsTable.h */,
				507424741416F3FC0080EC23 /* SHRoomsTable.m */,
				1AABE8FB1417FFEC00F9532E /* ChannelsTVController.h */,
				1AABE8FC1417FFEC00F9532E /* ChannelsTVController.m */,
				1A223127141CBC39009F9578 /* ChannelUserList.h */,
				1A223128141CBC39009F9578 /* ChannelUserList.m */,
				509346CF14748A1B007C57C5 /* SHCellDrawer.h */,
				509346D014748A1B007C57C5 /* SHCellDrawer.m */,
				5025F8501487094000E39116 /* SHUsersTableView.h */,
				5025F8511487094000E39116 /* SHUsersTableView.m */,
				5066387F149823E3006D8DA0 /* SHWebBrowser.h */,
				50663880149823E3006D8DA0 /* SHWebBrowser.m */,
			);
			path = ShadowChat;
			sourceTree = "<group>";
		};
		EA00941314143FEA0059261C /* Supporting Files */ = {
			isa = PBXGroup;
			children = (
				50ACAA3114774BAF00E1756E /* ctbg.png */,
				50ACAA3214774BAF00E1756E /* ctbg@2x.png */,
				EA1D5D441415FE2000114BFF /* background.png */,
				EA1D5D451415FE2000114BFF /* background@2x.png */,
				EA1D5D461415FE2000114BFF /* minus.png */,
				EA1D5D471415FE2000114BFF /* minus@2x.png */,
				EA1D5D481415FE2000114BFF /* ppl.png */,
				EA1D5D491415FE2000114BFF /* ppl@2x.png */,
				EA00941414143FEA0059261C /* ShadowChat-Info.plist */,
				EA00941514143FEA0059261C /* InfoPlist.strings */,
				EA00941814143FEA0059261C /* main.m */,
				EA00941A14143FEA0059261C /* ShadowChat-Prefix.pch */,
			);
			name = "Supporting Files";
			sourceTree = "<group>";
		};
/* End PBXGroup section */

/* Begin PBXNativeTarget section */
		EA00940714143FE90059261C /* ShadowChat */ = {
			isa = PBXNativeTarget;
			buildConfigurationList = EA00942F14143FEB0059261C /* Build configuration list for PBXNativeTarget "ShadowChat" */;
			buildPhases = (
				EA00940414143FE90059261C /* Sources */,
				EA00940514143FE90059261C /* Frameworks */,
				EA00940614143FE90059261C /* Resources */,
			);
			buildRules = (
			);
			dependencies = (
			);
			name = ShadowChat;
			productName = ShadowChat;
			productReference = EA00940814143FE90059261C /* ShadowChat.app */;
			productType = "com.apple.product-type.application";
		};
/* End PBXNativeTarget section */

/* Begin PBXProject section */
		EA0093FF14143FE90059261C /* Project object */ = {
			isa = PBXProject;
			attributes = {
				LastUpgradeCheck = 0420;
				ORGANIZATIONNAME = uiop;
			};
			buildConfigurationList = EA00940214143FE90059261C /* Build configuration list for PBXProject "ShadowChat" */;
			compatibilityVersion = "Xcode 3.2";
			developmentRegion = English;
			hasScannedForEncodings = 0;
			knownRegions = (
				en,
			);
			mainGroup = EA0093FD14143FE90059261C;
			productRefGroup = EA00940914143FE90059261C /* Products */;
			projectDirPath = "";
			projectRoot = "";
			targets = (
				EA00940714143FE90059261C /* ShadowChat */,
			);
		};
/* End PBXProject section */

/* Begin PBXResourcesBuildPhase section */
		EA00940614143FE90059261C /* Resources */ = {
			isa = PBXResourcesBuildPhase;
			buildActionMask = 2147483647;
			files = (
				EA00941714143FEA0059261C /* InfoPlist.strings in Resources */,
				EA00942014143FEA0059261C /* MainWindow.xib in Resources */,
				EA1D5D4A1415FE2000114BFF /* background.png in Resources */,
				EA1D5D4B1415FE2000114BFF /* background@2x.png in Resources */,
				EA1D5D4C1415FE2000114BFF /* minus.png in Resources */,
				EA1D5D4D1415FE2000114BFF /* minus@2x.png in Resources */,
				EA1D5D4E1415FE2000114BFF /* ppl.png in Resources */,
				EA1D5D4F1415FE2000114BFF /* ppl@2x.png in Resources */,
				EAC95DF714183882000256CE /* SHChatPanel.xib in Resources */,
				EA68CA50146ABE4D00AC1628 /* SHChanJoin.xib in Resources */,
				EA00819D147058DE00AF13B3 /* MainWindow-iPad.xib in Resources */,
				50ACAA3314774BAF00E1756E /* ctbg.png in Resources */,
				50ACAA3414774BAF00E1756E /* ctbg@2x.png in Resources */,
				50465FEC1481F73A007F8F56 /* SupportedURLs.plist in Resources */,
			);
			runOnlyForDeploymentPostprocessing = 0;
		};
/* End PBXResourcesBuildPhase section */

/* Begin PBXSourcesBuildPhase section */
		EA00940414143FE90059261C /* Sources */ = {
			isa = PBXSourcesBuildPhase;
			buildActionMask = 2147483647;
			files = (
				EA00941914143FEA0059261C /* main.m in Sources */,
				EA00941D14143FEA0059261C /* ShadowChatAppDelegate.m in Sources */,
				EAE46C1514159CD8008BBA8D /* SHIRCChannel.m in Sources */,
				EAE46C1814159DE4008BBA8D /* SHIRCSocket.m in Sources */,
				EAE46C211415B228008BBA8D /* SHIRCManager.m in Sources */,
				EAE46C281415D10B008BBA8D /* SHIRCPrivateChat.m in Sources */,
				1AD9BF96141683EB002E1C6A /* SHConnectionController.m in Sources */,
				1AD9BF9A141684D2002E1C6A /* SHAddCTController.m in Sources */,
				EAAD2BA51416C8F700E1D951 /* SHIRCNetwork.m in Sources */,
				507424751416F3FC0080EC23 /* SHRoomsTable.m in Sources */,
				1AABE8FD1417FFEC00F9532E /* ChannelsTVController.m in Sources */,
				EAC95DF614183882000256CE /* SHChatPanel.m in Sources */,
				1A223129141CBC39009F9578 /* ChannelUserList.m in Sources */,
				EAFA82391469C68000FD1A88 /* SHShadowedTableView.m in Sources */,
				EAFA823A1469C68000FD1A88 /* SHGradientView.m in Sources */,
				EAFA823B1469C68000FD1A88 /* SHClearLabelCellView.m in Sources */,
				EA68CA4F146ABE4D00AC1628 /* SHChanJoin.m in Sources */,
				509346D114748A1B007C57C5 /* SHCellDrawer.m in Sources */,
				50C4CB2E1474A71D00B8EA1C /* SHDrawerButton.m in Sources */,
				5025F8521487094000E39116 /* SHUsersTableView.m in Sources */,
				50663881149823E3006D8DA0 /* SHWebBrowser.m in Sources */,
			);
			runOnlyForDeploymentPostprocessing = 0;
		};
/* End PBXSourcesBuildPhase section */

/* Begin PBXVariantGroup section */
		EA00819B147058DE00AF13B3 /* MainWindow-iPad.xib */ = {
			isa = PBXVariantGroup;
			children = (
				EA00819C147058DE00AF13B3 /* en */,
			);
			name = "MainWindow-iPad.xib";
			sourceTree = "<group>";
		};
		EA00941514143FEA0059261C /* InfoPlist.strings */ = {
			isa = PBXVariantGroup;
			children = (
				EA00941614143FEA0059261C /* en */,
			);
			name = InfoPlist.strings;
			sourceTree = "<group>";
		};
		EA00941E14143FEA0059261C /* MainWindow.xib */ = {
			isa = PBXVariantGroup;
			children = (
				EA00941F14143FEA0059261C /* en */,
			);
			name = MainWindow.xib;
			sourceTree = "<group>";
		};
/* End PBXVariantGroup section */

/* Begin XCBuildConfiguration section */
		EA00942D14143FEB0059261C /* Debug */ = {
			isa = XCBuildConfiguration;
			buildSettings = {
				ALWAYS_SEARCH_USER_PATHS = NO;
				ARCHS = "$(ARCHS_STANDARD_32_BIT)";
				CODE_SIGN_IDENTITY = "iPhone Developer";
				"CODE_SIGN_IDENTITY[sdk=iphoneos*]" = "iPhone Developer";
				COPY_PHASE_STRIP = NO;
				GCC_C_LANGUAGE_STANDARD = gnu99;
				GCC_DYNAMIC_NO_PIC = NO;
				GCC_OPTIMIZATION_LEVEL = 0;
				GCC_PREPROCESSOR_DEFINITIONS = (
					"DEBUG=1",
					"$(inherited)",
				);
				GCC_SYMBOLS_PRIVATE_EXTERN = NO;
				GCC_VERSION = com.apple.compilers.llvmgcc42;
				GCC_WARN_ABOUT_MISSING_PROTOTYPES = YES;
				GCC_WARN_ABOUT_RETURN_TYPE = YES;
				GCC_WARN_UNUSED_VARIABLE = YES;
				HEADER_SEARCH_PATHS = (
					"$(BUILT_PRODUCTS_DIR)/../three20",
					"$(BUILT_PRODUCTS_DIR)/../../three20",
					"../facebook-three20-527051a/Build/Products/three20",
				);
				IPHONEOS_DEPLOYMENT_TARGET = 4.1;
				PROVISIONING_PROFILE = "";
				"PROVISIONING_PROFILE[sdk=iphoneos*]" = "";
				SDKROOT = iphoneos;
			};
			name = Debug;
		};
		EA00942E14143FEB0059261C /* Release */ = {
			isa = XCBuildConfiguration;
			buildSettings = {
				ALWAYS_SEARCH_USER_PATHS = NO;
				ARCHS = "$(ARCHS_STANDARD_32_BIT)";
				CODE_SIGN_IDENTITY = "iPhone Developer";
				"CODE_SIGN_IDENTITY[sdk=iphoneos*]" = "iPhone Developer";
				COPY_PHASE_STRIP = YES;
				GCC_C_LANGUAGE_STANDARD = gnu99;
				GCC_VERSION = com.apple.compilers.llvmgcc42;
				GCC_WARN_ABOUT_MISSING_PROTOTYPES = YES;
				GCC_WARN_ABOUT_RETURN_TYPE = YES;
				GCC_WARN_UNUSED_VARIABLE = YES;
				HEADER_SEARCH_PATHS = (
					"$(BUILT_PRODUCTS_DIR)/../three20",
					"$(BUILT_PRODUCTS_DIR)/../../three20",
					"../facebook-three20-527051a/Build/Products/three20",
				);
				IPHONEOS_DEPLOYMENT_TARGET = 4.1;
				OTHER_CFLAGS = "-DNS_BLOCK_ASSERTIONS=1";
				PROVISIONING_PROFILE = "";
				"PROVISIONING_PROFILE[sdk=iphoneos*]" = "";
				SDKROOT = iphoneos;
				VALIDATE_PRODUCT = YES;
			};
			name = Release;
		};
		EA00943014143FEB0059261C /* Debug */ = {
			isa = XCBuildConfiguration;
			buildSettings = {
				GCC_PRECOMPILE_PREFIX_HEADER = YES;
				GCC_PREFIX_HEADER = "ShadowChat/ShadowChat-Prefix.pch";
				GCC_VERSION = com.apple.compilers.llvmgcc42;
				INFOPLIST_FILE = "ShadowChat/ShadowChat-Info.plist";
				IPHONEOS_DEPLOYMENT_TARGET = 4.0;
				LIBRARY_SEARCH_PATHS = (
					"$(inherited)",
					"\"$(SRCROOT)\"",
				);
				PRODUCT_NAME = "$(TARGET_NAME)";
				SDKROOT = iphoneos;
				TARGETED_DEVICE_FAMILY = "1,2";
				WRAPPER_EXTENSION = app;
			};
			name = Debug;
		};
		EA00943114143FEB0059261C /* Release */ = {
			isa = XCBuildConfiguration;
			buildSettings = {
				GCC_PRECOMPILE_PREFIX_HEADER = YES;
				GCC_PREFIX_HEADER = "ShadowChat/ShadowChat-Prefix.pch";
				GCC_VERSION = com.apple.compilers.llvmgcc42;
				INFOPLIST_FILE = "ShadowChat/ShadowChat-Info.plist";
				IPHONEOS_DEPLOYMENT_TARGET = 4.0;
				LIBRARY_SEARCH_PATHS = (
					"$(inherited)",
					"\"$(SRCROOT)\"",
				);
				PRODUCT_NAME = "$(TARGET_NAME)";
				SDKROOT = iphoneos;
				TARGETED_DEVICE_FAMILY = "1,2";
				WRAPPER_EXTENSION = app;
			};
			name = Release;
		};
/* End XCBuildConfiguration section */

/* Begin XCConfigurationList section */
		EA00940214143FE90059261C /* Build configuration list for PBXProject "ShadowChat" */ = {
			isa = XCConfigurationList;
			buildConfigurations = (
				EA00942D14143FEB0059261C /* Debug */,
				EA00942E14143FEB0059261C /* Release */,
			);
			defaultConfigurationIsVisible = 0;
			defaultConfigurationName = Release;
		};
		EA00942F14143FEB0059261C /* Build configuration list for PBXNativeTarget "ShadowChat" */ = {
			isa = XCConfigurationList;
			buildConfigurations = (
				EA00943014143FEB0059261C /* Debug */,
				EA00943114143FEB0059261C /* Release */,
			);
			defaultConfigurationIsVisible = 0;
			defaultConfigurationName = Release;
		};
/* End XCConfigurationList section */
	};
	rootObject = EA0093FF14143FE90059261C /* Project object */;
}
